
Microsoft Visual Studio Solution File, Format Version 12.00
# Visual Studio Version 17
VisualStudioVersion = 17.13.35913.81 d17.13
MinimumVisualStudioVersion = 10.0.40219.1
Project("{FAE04EC0-301F-11D3-BF4B-00C04F79EFBC}") = "fCarePlus.API", "fCarePlus.API\fCarePlus.API.csproj", "{9856D2C7-215C-474E-9736-AA62940D9074}"
EndProject
Global
	GlobalSection(SolutionConfigurationPlatforms) = preSolution
		Debug|Any CPU = Debug|Any CPU
		Release|Any CPU = Release|Any CPU
	EndGlobalSection
	GlobalSection(ProjectConfigurationPlatforms) = postSolution
		{9856D2C7-215C-474E-9736-AA62940D9074}.Debug|Any CPU.ActiveCfg = Debug|Any CPU
		{9856D2C7-215C-474E-9736-AA62940D9074}.Debug|Any CPU.Build.0 = Debug|Any CPU
		{9856D2C7-215C-474E-9736-AA62940D9074}.Release|Any CPU.ActiveCfg = Release|Any CPU
		{9856D2C7-215C-474E-9736-AA62940D9074}.Release|Any CPU.Build.0 = Release|Any CPU
	EndGlobalSection
	GlobalSection(SolutionProperties) = preSolution
		HideSolutionNode = FALSE
	EndGlobalSection
	GlobalSection(ExtensibilityGlobals) = postSolution
		SolutionGuid = {83416D9F-D7B2-4E2A-8295-B4050441C73F}
	EndGlobalSection
EndGlobal
